
Microsoft Visual Studio Solution File, Format Version 12.00
# Visual Studio Version 16
VisualStudioVersion = 16.0.30204.135
MinimumVisualStudioVersion = 10.0.40219.1
Project("{FAE04EC0-301F-11D3-BF4B-00C04F79EFBC}") = "LabThree", "LabThree\LabThree.csproj", "{2ED4EFFA-C126-466F-B25E-93429F78D7CC}"
EndProject
Global
	GlobalSection(SolutionConfigurationPlatforms) = preSolution
		Debug|Any CPU = Debug|Any CPU
		Release|Any CPU = Release|Any CPU
	EndGlobalSection
	GlobalSection(ProjectConfigurationPlatforms) = postSolution
		{2ED4EFFA-C126-466F-B25E-93429F78D7CC}.Debug|Any CPU.ActiveCfg = Debug|Any CPU
		{2ED4EFFA-C126-466F-B25E-93429F78D7CC}.Debug|Any CPU.Build.0 = Debug|Any CPU
		{2ED4EFFA-C126-466F-B25E-93429F78D7CC}.Release|Any CPU.ActiveCfg = Release|Any CPU
		{2ED4EFFA-C126-466F-B25E-93429F78D7CC}.Release|Any CPU.Build.0 = Release|Any CPU
	EndGlobalSection
	GlobalSection(SolutionProperties) = preSolution
		HideSolutionNode = FALSE
	EndGlobalSection
	GlobalSection(ExtensibilityGlobals) = postSolution
		SolutionGuid = {2D4C65F0-EC3A-41C6-AF51-65DA4CCAF888}
	EndGlobalSection
EndGlobal
